// !$*UTF8*$!
{
	archiveVersion = 1;
	classes = {
	};
	objectVersion = 56;
	objects = {

/* Begin PBXBuildFile section */
		78563B892BFA572900ABDAF1 /* ListingDetailView.swift in Sources */ = {isa = PBXBuildFile; fileRef = 78563B882BFA572900ABDAF1 /* ListingDetailView.swift */; };
		78563B902BFA66AD00ABDAF1 /* ShimmerEffect.swift in Sources */ = {isa = PBXBuildFile; fileRef = 78563B8F2BFA66AD00ABDAF1 /* ShimmerEffect.swift */; };
		78563B922BFA66BD00ABDAF1 /* ScrollOffsetModifier.swift in Sources */ = {isa = PBXBuildFile; fileRef = 78563B912BFA66BD00ABDAF1 /* ScrollOffsetModifier.swift */; };
		78563B942BFA66E500ABDAF1 /* LocationMapAnnotationView.swift in Sources */ = {isa = PBXBuildFile; fileRef = 78563B932BFA66E500ABDAF1 /* LocationMapAnnotationView.swift */; };
		78563B982BFA706B00ABDAF1 /* MapOfListingsView.swift in Sources */ = {isa = PBXBuildFile; fileRef = 78563B972BFA706B00ABDAF1 /* MapOfListingsView.swift */; };
		78563B9A2BFA763B00ABDAF1 /* MainTabView.swift in Sources */ = {isa = PBXBuildFile; fileRef = 78563B992BFA763B00ABDAF1 /* MainTabView.swift */; };
		78563B9C2BFA7BE000ABDAF1 /* FullMapView.swift in Sources */ = {isa = PBXBuildFile; fileRef = 78563B9B2BFA7BE000ABDAF1 /* FullMapView.swift */; };
		78563B9E2BFA8B6800ABDAF1 /* LocationManager.swift in Sources */ = {isa = PBXBuildFile; fileRef = 78563B9D2BFA8B6800ABDAF1 /* LocationManager.swift */; };
		78563BCF2BFC4F7400ABDAF1 /* API.swift in Sources */ = {isa = PBXBuildFile; fileRef = 78563BCE2BFC4F7400ABDAF1 /* API.swift */; };
		78563BD12BFC528100ABDAF1 /* SparkModel.swift in Sources */ = {isa = PBXBuildFile; fileRef = 78563BD02BFC528100ABDAF1 /* SparkModel.swift */; };
		78563BD32BFC537700ABDAF1 /* ClosedListingView.swift in Sources */ = {isa = PBXBuildFile; fileRef = 78563BD22BFC537700ABDAF1 /* ClosedListingView.swift */; };
		78563BD52BFD343800ABDAF1 /* MapView.swift in Sources */ = {isa = PBXBuildFile; fileRef = 78563BD42BFD343800ABDAF1 /* MapView.swift */; };
		78563BD72BFD344E00ABDAF1 /* ActiveListingsMapView.swift in Sources */ = {isa = PBXBuildFile; fileRef = 78563BD62BFD344E00ABDAF1 /* ActiveListingsMapView.swift */; };
		78563BD92BFD352000ABDAF1 /* ClosedListingsMapView.swift in Sources */ = {isa = PBXBuildFile; fileRef = 78563BD82BFD352000ABDAF1 /* ClosedListingsMapView.swift */; };
		78563BDF2BFDB36D00ABDAF1 /* NewShimmer.swift in Sources */ = {isa = PBXBuildFile; fileRef = 78563BDE2BFDB36D00ABDAF1 /* NewShimmer.swift */; };
		78A922652BF3FC8200441432 /* SparkApiApp.swift in Sources */ = {isa = PBXBuildFile; fileRef = 78A922642BF3FC8200441432 /* SparkApiApp.swift */; };
		78A922672BF3FC8200441432 /* ActiveListingsView.swift in Sources */ = {isa = PBXBuildFile; fileRef = 78A922662BF3FC8200441432 /* ActiveListingsView.swift */; };
		78A922692BF3FC8400441432 /* Assets.xcassets in Resources */ = {isa = PBXBuildFile; fileRef = 78A922682BF3FC8400441432 /* Assets.xcassets */; };
		78A9226C2BF3FC8400441432 /* Preview Assets.xcassets in Resources */ = {isa = PBXBuildFile; fileRef = 78A9226B2BF3FC8400441432 /* Preview Assets.xcassets */; };
		78A922732BF3FD5400441432 /* ViewModel.swift in Sources */ = {isa = PBXBuildFile; fileRef = 78A922722BF3FD5400441432 /* ViewModel.swift */; };
		78A922792BF40C9D00441432 /* Constants.swift in Sources */ = {isa = PBXBuildFile; fileRef = 78A922782BF40C9D00441432 /* Constants.swift */; };
/* End PBXBuildFile section */

/* Begin PBXFileReference section */
		78563B882BFA572900ABDAF1 /* ListingDetailView.swift */ = {isa = PBXFileReference; lastKnownFileType = sourcecode.swift; path = ListingDetailView.swift; sourceTree = "<group>"; };
		78563B8E2BFA606600ABDAF1 /* Info.plist */ = {isa = PBXFileReference; lastKnownFileType = text.plist; path = Info.plist; sourceTree = "<group>"; };
		78563B8F2BFA66AD00ABDAF1 /* ShimmerEffect.swift */ = {isa = PBXFileReference; fileEncoding = 4; lastKnownFileType = sourcecode.swift; path = ShimmerEffect.swift; sourceTree = "<group>"; };
		78563B912BFA66BD00ABDAF1 /* ScrollOffsetModifier.swift */ = {isa = PBXFileReference; fileEncoding = 4; lastKnownFileType = sourcecode.swift; path = ScrollOffsetModifier.swift; sourceTree = "<group>"; };
		78563B932BFA66E500ABDAF1 /* LocationMapAnnotationView.swift */ = {isa = PBXFileReference; fileEncoding = 4; lastKnownFileType = sourcecode.swift; path = LocationMapAnnotationView.swift; sourceTree = "<group>"; };
		78563B972BFA706B00ABDAF1 /* MapOfListingsView.swift */ = {isa = PBXFileReference; lastKnownFileType = sourcecode.swift; path = MapOfListingsView.swift; sourceTree = "<group>"; };
		78563B992BFA763B00ABDAF1 /* MainTabView.swift */ = {isa = PBXFileReference; lastKnownFileType = sourcecode.swift; path = MainTabView.swift; sourceTree = "<group>"; };
		78563B9B2BFA7BE000ABDAF1 /* FullMapView.swift */ = {isa = PBXFileReference; lastKnownFileType = sourcecode.swift; path = FullMapView.swift; sourceTree = "<group>"; };
		78563B9D2BFA8B6800ABDAF1 /* LocationManager.swift */ = {isa = PBXFileReference; lastKnownFileType = sourcecode.swift; path = LocationManager.swift; sourceTree = "<group>"; };
		78563BCE2BFC4F7400ABDAF1 /* API.swift */ = {isa = PBXFileReference; lastKnownFileType = sourcecode.swift; path = API.swift; sourceTree = "<group>"; };
		78563BD02BFC528100ABDAF1 /* SparkModel.swift */ = {isa = PBXFileReference; lastKnownFileType = sourcecode.swift; path = SparkModel.swift; sourceTree = "<group>"; };
		78563BD22BFC537700ABDAF1 /* ClosedListingView.swift */ = {isa = PBXFileReference; lastKnownFileType = sourcecode.swift; path = ClosedListingView.swift; sourceTree = "<group>"; };
		78563BD42BFD343800ABDAF1 /* MapView.swift */ = {isa = PBXFileReference; lastKnownFileType = sourcecode.swift; path = MapView.swift; sourceTree = "<group>"; };
		78563BD62BFD344E00ABDAF1 /* ActiveListingsMapView.swift */ = {isa = PBXFileReference; lastKnownFileType = sourcecode.swift; path = ActiveListingsMapView.swift; sourceTree = "<group>"; };
		78563BD82BFD352000ABDAF1 /* ClosedListingsMapView.swift */ = {isa = PBXFileReference; lastKnownFileType = sourcecode.swift; path = ClosedListingsMapView.swift; sourceTree = "<group>"; };
		78563BDE2BFDB36D00ABDAF1 /* NewShimmer.swift */ = {isa = PBXFileReference; lastKnownFileType = sourcecode.swift; path = NewShimmer.swift; sourceTree = "<group>"; };
		78A922612BF3FC8200441432 /* SparkApi.app */ = {isa = PBXFileReference; explicitFileType = wrapper.application; includeInIndex = 0; path = SparkApi.app; sourceTree = BUILT_PRODUCTS_DIR; };
		78A922642BF3FC8200441432 /* SparkApiApp.swift */ = {isa = PBXFileReference; lastKnownFileType = sourcecode.swift; path = SparkApiApp.swift; sourceTree = "<group>"; };
		78A922662BF3FC8200441432 /* ActiveListingsView.swift */ = {isa = PBXFileReference; lastKnownFileType = sourcecode.swift; path = ActiveListingsView.swift; sourceTree = "<group>"; };
		78A922682BF3FC8400441432 /* Assets.xcassets */ = {isa = PBXFileReference; lastKnownFileType = folder.assetcatalog; path = Assets.xcassets; sourceTree = "<group>"; };
		78A9226B2BF3FC8400441432 /* Preview Assets.xcassets */ = {isa = PBXFileReference; lastKnownFileType = folder.assetcatalog; path = "Preview Assets.xcassets"; sourceTree = "<group>"; };
		78A922722BF3FD5400441432 /* ViewModel.swift */ = {isa = PBXFileReference; lastKnownFileType = sourcecode.swift; path = ViewModel.swift; sourceTree = "<group>"; };
		78A922782BF40C9D00441432 /* Constants.swift */ = {isa = PBXFileReference; fileEncoding = 4; lastKnownFileType = sourcecode.swift; path = Constants.swift; sourceTree = "<group>"; };
/* End PBXFileReference section */

/* Begin PBXFrameworksBuildPhase section */
		78A9225E2BF3FC8200441432 /* Frameworks */ = {
			isa = PBXFrameworksBuildPhase;
			buildActionMask = 2147483647;
			files = (
			);
			runOnlyForDeploymentPostprocessing = 0;
		};
/* End PBXFrameworksBuildPhase section */

/* Begin PBXGroup section */
		78563BDA2BFD536100ABDAF1 /* MapViews */ = {
			isa = PBXGroup;
			children = (
				78563B9B2BFA7BE000ABDAF1 /* FullMapView.swift */,
				78563BD42BFD343800ABDAF1 /* MapView.swift */,
				78563BD62BFD344E00ABDAF1 /* ActiveListingsMapView.swift */,
				78563BD82BFD352000ABDAF1 /* ClosedListingsMapView.swift */,
			);
			path = MapViews;
			sourceTree = "<group>";
		};
		78563BDB2BFD538200ABDAF1 /* ListingViews */ = {
			isa = PBXGroup;
			children = (
				78A922662BF3FC8200441432 /* ActiveListingsView.swift */,
				78563B882BFA572900ABDAF1 /* ListingDetailView.swift */,
				78563B972BFA706B00ABDAF1 /* MapOfListingsView.swift */,
				78563BD22BFC537700ABDAF1 /* ClosedListingView.swift */,
			);
			path = ListingViews;
			sourceTree = "<group>";
		};
		78563BDC2BFD539000ABDAF1 /* Networking */ = {
			isa = PBXGroup;
			children = (
				78563BD02BFC528100ABDAF1 /* SparkModel.swift */,
				78A922782BF40C9D00441432 /* Constants.swift */,
				78A922722BF3FD5400441432 /* ViewModel.swift */,
				78563BCE2BFC4F7400ABDAF1 /* API.swift */,
			);
			path = Networking;
			sourceTree = "<group>";
		};
		78563BDD2BFD53AF00ABDAF1 /* Extensions */ = {
			isa = PBXGroup;
			children = (
				78563B9D2BFA8B6800ABDAF1 /* LocationManager.swift */,
				78563B932BFA66E500ABDAF1 /* LocationMapAnnotationView.swift */,
				78563B8F2BFA66AD00ABDAF1 /* ShimmerEffect.swift */,
				78563B912BFA66BD00ABDAF1 /* ScrollOffsetModifier.swift */,
			);
			path = Extensions;
			sourceTree = "<group>";
		};
		78A922582BF3FC8200441432 = {
			isa = PBXGroup;
			children = (
				78A922632BF3FC8200441432 /* SparkApi */,
				78A922622BF3FC8200441432 /* Products */,
			);
			sourceTree = "<group>";
		};
		78A922622BF3FC8200441432 /* Products */ = {
			isa = PBXGroup;
			children = (
				78A922612BF3FC8200441432 /* SparkApi.app */,
			);
			name = Products;
			sourceTree = "<group>";
		};
		78A922632BF3FC8200441432 /* SparkApi */ = {
			isa = PBXGroup;
			children = (
				78563B8E2BFA606600ABDAF1 /* Info.plist */,
				78563B992BFA763B00ABDAF1 /* MainTabView.swift */,
				78563BDD2BFD53AF00ABDAF1 /* Extensions */,
				78A922642BF3FC8200441432 /* SparkApiApp.swift */,
				78563BDB2BFD538200ABDAF1 /* ListingViews */,
				78563BDC2BFD539000ABDAF1 /* Networking */,
				78A922682BF3FC8400441432 /* Assets.xcassets */,
				78A9226A2BF3FC8400441432 /* Preview Content */,
				78563BDA2BFD536100ABDAF1 /* MapViews */,
				78563BDE2BFDB36D00ABDAF1 /* NewShimmer.swift */,
			);
			path = SparkApi;
			sourceTree = "<group>";
		};
		78A9226A2BF3FC8400441432 /* Preview Content */ = {
			isa = PBXGroup;
			children = (
				78A9226B2BF3FC8400441432 /* Preview Assets.xcassets */,
			);
			path = "Preview Content";
			sourceTree = "<group>";
		};
/* End PBXGroup section */

/* Begin PBXNativeTarget section */
		78A922602BF3FC8200441432 /* SparkApi */ = {
			isa = PBXNativeTarget;
			buildConfigurationList = 78A9226F2BF3FC8400441432 /* Build configuration list for PBXNativeTarget "SparkApi" */;
			buildPhases = (
				78A9225D2BF3FC8200441432 /* Sources */,
				78A9225E2BF3FC8200441432 /* Frameworks */,
				78A9225F2BF3FC8200441432 /* Resources */,
			);
			buildRules = (
			);
			dependencies = (
			);
			name = SparkApi;
			productName = SparkApi;
			productReference = 78A922612BF3FC8200441432 /* SparkApi.app */;
			productType = "com.apple.product-type.application";
		};
/* End PBXNativeTarget section */

/* Begin PBXProject section */
		78A922592BF3FC8200441432 /* Project object */ = {
			isa = PBXProject;
			attributes = {
				BuildIndependentTargetsInParallel = 1;
				LastSwiftUpdateCheck = 1530;
				LastUpgradeCheck = 1530;
				TargetAttributes = {
					78A922602BF3FC8200441432 = {
						CreatedOnToolsVersion = 15.3;
					};
				};
			};
			buildConfigurationList = 78A9225C2BF3FC8200441432 /* Build configuration list for PBXProject "SparkApi" */;
			compatibilityVersion = "Xcode 14.0";
			developmentRegion = en;
			hasScannedForEncodings = 0;
			knownRegions = (
				en,
				Base,
			);
			mainGroup = 78A922582BF3FC8200441432;
			productRefGroup = 78A922622BF3FC8200441432 /* Products */;
			projectDirPath = "";
			projectRoot = "";
			targets = (
				78A922602BF3FC8200441432 /* SparkApi */,
			);
		};
/* End PBXProject section */

/* Begin PBXResourcesBuildPhase section */
		78A9225F2BF3FC8200441432 /* Resources */ = {
			isa = PBXResourcesBuildPhase;
			buildActionMask = 2147483647;
			files = (
				78A9226C2BF3FC8400441432 /* Preview Assets.xcassets in Resources */,
				78A922692BF3FC8400441432 /* Assets.xcassets in Resources */,
			);
			runOnlyForDeploymentPostprocessing = 0;
		};
/* End PBXResourcesBuildPhase section */

/* Begin PBXSourcesBuildPhase section */
		78A9225D2BF3FC8200441432 /* Sources */ = {
			isa = PBXSourcesBuildPhase;
			buildActionMask = 2147483647;
			files = (
				78563BDF2BFDB36D00ABDAF1 /* NewShimmer.swift in Sources */,
				78563B922BFA66BD00ABDAF1 /* ScrollOffsetModifier.swift in Sources */,
				78563BD52BFD343800ABDAF1 /* MapView.swift in Sources */,
				78563B942BFA66E500ABDAF1 /* LocationMapAnnotationView.swift in Sources */,
				78563B902BFA66AD00ABDAF1 /* ShimmerEffect.swift in Sources */,
				78A922792BF40C9D00441432 /* Constants.swift in Sources */,
				78563BD72BFD344E00ABDAF1 /* ActiveListingsMapView.swift in Sources */,
				78563B9C2BFA7BE000ABDAF1 /* FullMapView.swift in Sources */,
				78563B9A2BFA763B00ABDAF1 /* MainTabView.swift in Sources */,
				78A922672BF3FC8200441432 /* ActiveListingsView.swift in Sources */,
				78A922732BF3FD5400441432 /* ViewModel.swift in Sources */,
				78563BCF2BFC4F7400ABDAF1 /* API.swift in Sources */,
				78563BD12BFC528100ABDAF1 /* SparkModel.swift in Sources */,
				78563BD32BFC537700ABDAF1 /* ClosedListingView.swift in Sources */,
				78563B982BFA706B00ABDAF1 /* MapOfListingsView.swift in Sources */,
				78563BD92BFD352000ABDAF1 /* ClosedListingsMapView.swift in Sources */,
				78563B892BFA572900ABDAF1 /* ListingDetailView.swift in Sources */,
				78A922652BF3FC8200441432 /* SparkApiApp.swift in Sources */,
				78563B9E2BFA8B6800ABDAF1 /* LocationManager.swift in Sources */,
			);
			runOnlyForDeploymentPostprocessing = 0;
		};
/* End PBXSourcesBuildPhase section */

/* Begin XCBuildConfiguration section */
		78A9226D2BF3FC8400441432 /* Debug */ = {
			isa = XCBuildConfiguration;
			buildSettings = {
				ALWAYS_SEARCH_USER_PATHS = NO;
				ASSETCATALOG_COMPILER_GENERATE_SWIFT_ASSET_SYMBOL_EXTENSIONS = YES;
				CLANG_ANALYZER_NONNULL = YES;
				CLANG_ANALYZER_NUMBER_OBJECT_CONVERSION = YES_AGGRESSIVE;
				CLANG_CXX_LANGUAGE_STANDARD = "gnu++20";
				CLANG_ENABLE_MODULES = YES;
				CLANG_ENABLE_OBJC_ARC = YES;
				CLANG_ENABLE_OBJC_WEAK = YES;
				CLANG_WARN_BLOCK_CAPTURE_AUTORELEASING = YES;
				CLANG_WARN_BOOL_CONVERSION = YES;
				CLANG_WARN_COMMA = YES;
				CLANG_WARN_CONSTANT_CONVERSION = YES;
				CLANG_WARN_DEPRECATED_OBJC_IMPLEMENTATIONS = YES;
				CLANG_WARN_DIRECT_OBJC_ISA_USAGE = YES_ERROR;
				CLANG_WARN_DOCUMENTATION_COMMENTS = YES;
				CLANG_WARN_EMPTY_BODY = YES;
				CLANG_WARN_ENUM_CONVERSION = YES;
				CLANG_WARN_INFINITE_RECURSION = YES;
				CLANG_WARN_INT_CONVERSION = YES;
				CLANG_WARN_NON_LITERAL_NULL_CONVERSION = YES;
				CLANG_WARN_OBJC_IMPLICIT_RETAIN_SELF = YES;
				CLANG_WARN_OBJC_LITERAL_CONVERSION = YES;
				CLANG_WARN_OBJC_ROOT_CLASS = YES_ERROR;
				CLANG_WARN_QUOTED_INCLUDE_IN_FRAMEWORK_HEADER = YES;
				CLANG_WARN_RANGE_LOOP_ANALYSIS = YES;
				CLANG_WARN_STRICT_PROTOTYPES = YES;
				CLANG_WARN_SUSPICIOUS_MOVE = YES;
				CLANG_WARN_UNGUARDED_AVAILABILITY = YES_AGGRESSIVE;
				CLANG_WARN_UNREACHABLE_CODE = YES;
				CLANG_WARN__DUPLICATE_METHOD_MATCH = YES;
				COPY_PHASE_STRIP = NO;
				DEBUG_INFORMATION_FORMAT = dwarf;
				ENABLE_STRICT_OBJC_MSGSEND = YES;
				ENABLE_TESTABILITY = YES;
				ENABLE_USER_SCRIPT_SANDBOXING = YES;
				GCC_C_LANGUAGE_STANDARD = gnu17;
				GCC_DYNAMIC_NO_PIC = NO;
				GCC_NO_COMMON_BLOCKS = YES;
				GCC_OPTIMIZATION_LEVEL = 0;
				GCC_PREPROCESSOR_DEFINITIONS = (
					"DEBUG=1",
					"$(inherited)",
				);
				GCC_WARN_64_TO_32_BIT_CONVERSION = YES;
				GCC_WARN_ABOUT_RETURN_TYPE = YES_ERROR;
				GCC_WARN_UNDECLARED_SELECTOR = YES;
				GCC_WARN_UNINITIALIZED_AUTOS = YES_AGGRESSIVE;
				GCC_WARN_UNUSED_FUNCTION = YES;
				GCC_WARN_UNUSED_VARIABLE = YES;
				IPHONEOS_DEPLOYMENT_TARGET = 17.2;
				LOCALIZATION_PREFERS_STRING_CATALOGS = YES;
				MTL_ENABLE_DEBUG_INFO = INCLUDE_SOURCE;
				MTL_FAST_MATH = YES;
				ONLY_ACTIVE_ARCH = YES;
				SDKROOT = iphoneos;
				SWIFT_ACTIVE_COMPILATION_CONDITIONS = "DEBUG $(inherited)";
				SWIFT_OPTIMIZATION_LEVEL = "-Onone";
			};
			name = Debug;
		};
		78A9226E2BF3FC8400441432 /* Release */ = {
			isa = XCBuildConfiguration;
			buildSettings = {
				ALWAYS_SEARCH_USER_PATHS = NO;
				ASSETCATALOG_COMPILER_GENERATE_SWIFT_ASSET_SYMBOL_EXTENSIONS = YES;
				CLANG_ANALYZER_NONNULL = YES;
				CLANG_ANALYZER_NUMBER_OBJECT_CONVERSION = YES_AGGRESSIVE;
				CLANG_CXX_LANGUAGE_STANDARD = "gnu++20";
				CLANG_ENABLE_MODULES = YES;
				CLANG_ENABLE_OBJC_ARC = YES;
				CLANG_ENABLE_OBJC_WEAK = YES;
				CLANG_WARN_BLOCK_CAPTURE_AUTORELEASING = YES;
				CLANG_WARN_BOOL_CONVERSION = YES;
				CLANG_WARN_COMMA = YES;
				CLANG_WARN_CONSTANT_CONVERSION = YES;
				CLANG_WARN_DEPRECATED_OBJC_IMPLEMENTATIONS = YES;
				CLANG_WARN_DIRECT_OBJC_ISA_USAGE = YES_ERROR;
				CLANG_WARN_DOCUMENTATION_COMMENTS = YES;
				CLANG_WARN_EMPTY_BODY = YES;
				CLANG_WARN_ENUM_CONVERSION = YES;
				CLANG_WARN_INFINITE_RECURSION = YES;
				CLANG_WARN_INT_CONVERSION = YES;
				CLANG_WARN_NON_LITERAL_NULL_CONVERSION = YES;
				CLANG_WARN_OBJC_IMPLICIT_RETAIN_SELF = YES;
				CLANG_WARN_OBJC_LITERAL_CONVERSION = YES;
				CLANG_WARN_OBJC_ROOT_CLASS = YES_ERROR;
				CLANG_WARN_QUOTED_INCLUDE_IN_FRAMEWORK_HEADER = YES;
				CLANG_WARN_RANGE_LOOP_ANALYSIS = YES;
				CLANG_WARN_STRICT_PROTOTYPES = YES;
				CLANG_WARN_SUSPICIOUS_MOVE = YES;
				CLANG_WARN_UNGUARDED_AVAILABILITY = YES_AGGRESSIVE;
				CLANG_WARN_UNREACHABLE_CODE = YES;
				CLANG_WARN__DUPLICATE_METHOD_MATCH = YES;
				COPY_PHASE_STRIP = NO;
				DEBUG_INFORMATION_FORMAT = "dwarf-with-dsym";
				ENABLE_NS_ASSERTIONS = NO;
				ENABLE_STRICT_OBJC_MSGSEND = YES;
				ENABLE_USER_SCRIPT_SANDBOXING = YES;
				GCC_C_LANGUAGE_STANDARD = gnu17;
				GCC_NO_COMMON_BLOCKS = YES;
				GCC_WARN_64_TO_32_BIT_CONVERSION = YES;
				GCC_WARN_ABOUT_RETURN_TYPE = YES_ERROR;
				GCC_WARN_UNDECLARED_SELECTOR = YES;
				GCC_WARN_UNINITIALIZED_AUTOS = YES_AGGRESSIVE;
				GCC_WARN_UNUSED_FUNCTION = YES;
				GCC_WARN_UNUSED_VARIABLE = YES;
				IPHONEOS_DEPLOYMENT_TARGET = 17.2;
				LOCALIZATION_PREFERS_STRING_CATALOGS = YES;
				MTL_ENABLE_DEBUG_INFO = NO;
				MTL_FAST_MATH = YES;
				SDKROOT = iphoneos;
				SWIFT_COMPILATION_MODE = wholemodule;
				VALIDATE_PRODUCT = YES;
			};
			name = Release;
		};
		78A922702BF3FC8400441432 /* Debug */ = {
			isa = XCBuildConfiguration;
			buildSettings = {
				ASSETCATALOG_COMPILER_APPICON_NAME = AppIcon;
				ASSETCATALOG_COMPILER_GLOBAL_ACCENT_COLOR_NAME = AccentColor;
				CODE_SIGN_STYLE = Automatic;
				CURRENT_PROJECT_VERSION = 1;
				DEVELOPMENT_ASSET_PATHS = "\"SparkApi/Preview Content\"";
				DEVELOPMENT_TEAM = LR4SP9C264;
				ENABLE_PREVIEWS = YES;
				GENERATE_INFOPLIST_FILE = YES;
				INFOPLIST_FILE = SparkApi/Info.plist;
				INFOPLIST_KEY_LSApplicationCategoryType = "public.app-category.lifestyle";
				INFOPLIST_KEY_NSLocationUsageDescription = "We need your location to show nearby listings";
				INFOPLIST_KEY_NSLocationWhenInUseUsageDescription = "We need your location to show nearby listings";
				INFOPLIST_KEY_UIApplicationSceneManifest_Generation = YES;
				INFOPLIST_KEY_UIApplicationSupportsIndirectInputEvents = YES;
				INFOPLIST_KEY_UILaunchScreen_Generation = YES;
				INFOPLIST_KEY_UISupportedInterfaceOrientations_iPad = "UIInterfaceOrientationPortrait UIInterfaceOrientationPortraitUpsideDown UIInterfaceOrientationLandscapeLeft UIInterfaceOrientationLandscapeRight";
				INFOPLIST_KEY_UISupportedInterfaceOrientations_iPhone = "UIInterfaceOrientationPortrait UIInterfaceOrientationLandscapeLeft UIInterfaceOrientationLandscapeRight";
				LD_RUNPATH_SEARCH_PATHS = (
					"$(inherited)",
					"@executable_path/Frameworks",
				);
				MARKETING_VERSION = 1.0;
				PRODUCT_BUNDLE_IDENTIFIER = com.artistanbranding.SparkApi;
				PRODUCT_NAME = "$(TARGET_NAME)";
				SWIFT_EMIT_LOC_STRINGS = YES;
				SWIFT_VERSION = 5.0;
				TARGETED_DEVICE_FAMILY = "1,2";
			};
			name = Debug;
		};
		78A922712BF3FC8400441432 /* Release */ = {
			isa = XCBuildConfiguration;
			buildSettings = {
				ASSETCATALOG_COMPILER_APPICON_NAME = AppIcon;
				ASSETCATALOG_COMPILER_GLOBAL_ACCENT_COLOR_NAME = AccentColor;
				CODE_SIGN_STYLE = Automatic;
				CURRENT_PROJECT_VERSION = 1;
				DEVELOPMENT_ASSET_PATHS = "\"SparkApi/Preview Content\"";
				DEVELOPMENT_TEAM = LR4SP9C264;
				ENABLE_PREVIEWS = YES;
				GENERATE_INFOPLIST_FILE = YES;
				INFOPLIST_FILE = SparkApi/Info.plist;
				INFOPLIST_KEY_LSApplicationCategoryType = "public.app-category.lifestyle";
				INFOPLIST_KEY_NSLocationUsageDescription = "We need your location to show nearby listings";
				INFOPLIST_KEY_NSLocationWhenInUseUsageDescription = "We need your location to show nearby listings";
				INFOPLIST_KEY_UIApplicationSceneManifest_Generation = YES;
				INFOPLIST_KEY_UIApplicationSupportsIndirectInputEvents = YES;
				INFOPLIST_KEY_UILaunchScreen_Generation = YES;
				INFOPLIST_KEY_UISupportedInterfaceOrientations_iPad = "UIInterfaceOrientationPortrait UIInterfaceOrientationPortraitUpsideDown UIInterfaceOrientationLandscapeLeft UIInterfaceOrientationLandscapeRight";
				INFOPLIST_KEY_UISupportedInterfaceOrientations_iPhone = "UIInterfaceOrientationPortrait UIInterfaceOrientationLandscapeLeft UIInterfaceOrientationLandscapeRight";
				LD_RUNPATH_SEARCH_PATHS = (
					"$(inherited)",
					"@executable_path/Frameworks",
				);
				MARKETING_VERSION = 1.0;
				PRODUCT_BUNDLE_IDENTIFIER = com.artistanbranding.SparkApi;
				PRODUCT_NAME = "$(TARGET_NAME)";
				SWIFT_EMIT_LOC_STRINGS = YES;
				SWIFT_VERSION = 5.0;
				TARGETED_DEVICE_FAMILY = "1,2";
			};
			name = Release;
		};
/* End XCBuildConfiguration section */

/* Begin XCConfigurationList section */
		78A9225C2BF3FC8200441432 /* Build configuration list for PBXProject "SparkApi" */ = {
			isa = XCConfigurationList;
			buildConfigurations = (
				78A9226D2BF3FC8400441432 /* Debug */,
				78A9226E2BF3FC8400441432 /* Release */,
			);
			defaultConfigurationIsVisible = 0;
			defaultConfigurationName = Release;
		};
		78A9226F2BF3FC8400441432 /* Build configuration list for PBXNativeTarget "SparkApi" */ = {
			isa = XCConfigurationList;
			buildConfigurations = (
				78A922702BF3FC8400441432 /* Debug */,
				78A922712BF3FC8400441432 /* Release */,
			);
			defaultConfigurationIsVisible = 0;
			defaultConfigurationName = Release;
		};
/* End XCConfigurationList section */
	};
	rootObject = 78A922592BF3FC8200441432 /* Project object */;
}
